// !$*UTF8*$!
{
	archiveVersion = 1;
	classes = {
	};
	objectVersion = 50;
	objects = {

/* Begin PBXBuildFile section */
		AE18E278246EF0A500DE0994 /* AppDelegate.swift in Sources */ = {isa = PBXBuildFile; fileRef = AE18E277246EF0A500DE0994 /* AppDelegate.swift */; };
		AE18E27A246EF0A500DE0994 /* SceneDelegate.swift in Sources */ = {isa = PBXBuildFile; fileRef = AE18E279246EF0A500DE0994 /* SceneDelegate.swift */; };
		AE18E27F246EF0A500DE0994 /* Main.storyboard in Resources */ = {isa = PBXBuildFile; fileRef = AE18E27D246EF0A500DE0994 /* Main.storyboard */; };
		AE18E281246EF0A600DE0994 /* Assets.xcassets in Resources */ = {isa = PBXBuildFile; fileRef = AE18E280246EF0A600DE0994 /* Assets.xcassets */; };
		AE18E284246EF0A600DE0994 /* LaunchScreen.storyboard in Resources */ = {isa = PBXBuildFile; fileRef = AE18E282246EF0A600DE0994 /* LaunchScreen.storyboard */; };
		AE18E292246EF18800DE0994 /* Item.swift in Sources */ = {isa = PBXBuildFile; fileRef = AE18E291246EF18800DE0994 /* Item.swift */; };
		AE18E294246EF1E500DE0994 /* Phone.swift in Sources */ = {isa = PBXBuildFile; fileRef = AE18E293246EF1E500DE0994 /* Phone.swift */; };
		AE18E296246EF1EE00DE0994 /* Book.swift in Sources */ = {isa = PBXBuildFile; fileRef = AE18E295246EF1EE00DE0994 /* Book.swift */; };
		AE18E298246EF1F500DE0994 /* Car.swift in Sources */ = {isa = PBXBuildFile; fileRef = AE18E297246EF1F500DE0994 /* Car.swift */; };
		AE18E29A246EF55F00DE0994 /* CollectionViewController.swift in Sources */ = {isa = PBXBuildFile; fileRef = AE18E299246EF55F00DE0994 /* CollectionViewController.swift */; };
		AE18E2A0246EFE6F00DE0994 /* ItemCollectionViewCell.swift in Sources */ = {isa = PBXBuildFile; fileRef = AE18E29F246EFE6F00DE0994 /* ItemCollectionViewCell.swift */; };
/* End PBXBuildFile section */

/* Begin PBXFileReference section */
		AE18E274246EF0A500DE0994 /* MovemedicalItem.app */ = {isa = PBXFileReference; explicitFileType = wrapper.application; includeInIndex = 0; path = MovemedicalItem.app; sourceTree = BUILT_PRODUCTS_DIR; };
		AE18E277246EF0A500DE0994 /* AppDelegate.swift */ = {isa = PBXFileReference; lastKnownFileType = sourcecode.swift; path = AppDelegate.swift; sourceTree = "<group>"; };
		AE18E279246EF0A500DE0994 /* SceneDelegate.swift */ = {isa = PBXFileReference; lastKnownFileType = sourcecode.swift; path = SceneDelegate.swift; sourceTree = "<group>"; };
		AE18E27E246EF0A500DE0994 /* Base */ = {isa = PBXFileReference; lastKnownFileType = file.storyboard; name = Base; path = Base.lproj/Main.storyboard; sourceTree = "<group>"; };
		AE18E280246EF0A600DE0994 /* Assets.xcassets */ = {isa = PBXFileReference; lastKnownFileType = folder.assetcatalog; path = Assets.xcassets; sourceTree = "<group>"; };
		AE18E283246EF0A600DE0994 /* Base */ = {isa = PBXFileReference; lastKnownFileType = file.storyboard; name = Base; path = Base.lproj/LaunchScreen.storyboard; sourceTree = "<group>"; };
		AE18E285246EF0A600DE0994 /* Info.plist */ = {isa = PBXFileReference; lastKnownFileType = text.plist.xml; path = Info.plist; sourceTree = "<group>"; };
		AE18E291246EF18800DE0994 /* Item.swift */ = {isa = PBXFileReference; lastKnownFileType = sourcecode.swift; path = Item.swift; sourceTree = "<group>"; };
		AE18E293246EF1E500DE0994 /* Phone.swift */ = {isa = PBXFileReference; lastKnownFileType = sourcecode.swift; path = Phone.swift; sourceTree = "<group>"; };
		AE18E295246EF1EE00DE0994 /* Book.swift */ = {isa = PBXFileReference; lastKnownFileType = sourcecode.swift; path = Book.swift; sourceTree = "<group>"; };
		AE18E297246EF1F500DE0994 /* Car.swift */ = {isa = PBXFileReference; lastKnownFileType = sourcecode.swift; path = Car.swift; sourceTree = "<group>"; };
		AE18E299246EF55F00DE0994 /* CollectionViewController.swift */ = {isa = PBXFileReference; lastKnownFileType = sourcecode.swift; path = CollectionViewController.swift; sourceTree = "<group>"; };
		AE18E29F246EFE6F00DE0994 /* ItemCollectionViewCell.swift */ = {isa = PBXFileReference; lastKnownFileType = sourcecode.swift; path = ItemCollectionViewCell.swift; sourceTree = "<group>"; };
/* End PBXFileReference section */

/* Begin PBXFrameworksBuildPhase section */
		AE18E271246EF0A500DE0994 /* Frameworks */ = {
			isa = PBXFrameworksBuildPhase;
			buildActionMask = 2147483647;
			files = (
			);
			runOnlyForDeploymentPostprocessing = 0;
		};
/* End PBXFrameworksBuildPhase section */

/* Begin PBXGroup section */
		AE18E26B246EF0A500DE0994 = {
			isa = PBXGroup;
			children = (
				AE18E276246EF0A500DE0994 /* MovemedicalItem */,
				AE18E275246EF0A500DE0994 /* Products */,
			);
			sourceTree = "<group>";
		};
		AE18E275246EF0A500DE0994 /* Products */ = {
			isa = PBXGroup;
			children = (
				AE18E274246EF0A500DE0994 /* MovemedicalItem.app */,
			);
			name = Products;
			sourceTree = "<group>";
		};
		AE18E276246EF0A500DE0994 /* MovemedicalItem */ = {
			isa = PBXGroup;
			children = (
				AE18E290246EF16300DE0994 /* Controller */,
				AE18E28F246EF15B00DE0994 /* View */,
				AE18E28E246EF14D00DE0994 /* Model */,
				AE18E28C246EF12600DE0994 /* Storyboard */,
				AE18E28B246EF11000DE0994 /* SupportingFiles */,
				AE18E285246EF0A600DE0994 /* Info.plist */,
			);
			path = MovemedicalItem;
			sourceTree = "<group>";
		};
		AE18E28B246EF11000DE0994 /* SupportingFiles */ = {
			isa = PBXGroup;
			children = (
				AE18E277246EF0A500DE0994 /* AppDelegate.swift */,
				AE18E279246EF0A500DE0994 /* SceneDelegate.swift */,
				AE18E280246EF0A600DE0994 /* Assets.xcassets */,
			);
			path = SupportingFiles;
			sourceTree = "<group>";
		};
		AE18E28C246EF12600DE0994 /* Storyboard */ = {
			isa = PBXGroup;
			children = (
				AE18E282246EF0A600DE0994 /* LaunchScreen.storyboard */,
				AE18E27D246EF0A500DE0994 /* Main.storyboard */,
			);
			path = Storyboard;
			sourceTree = "<group>";
		};
		AE18E28E246EF14D00DE0994 /* Model */ = {
			isa = PBXGroup;
			children = (
				AE18E291246EF18800DE0994 /* Item.swift */,
				AE18E293246EF1E500DE0994 /* Phone.swift */,
				AE18E295246EF1EE00DE0994 /* Book.swift */,
				AE18E297246EF1F500DE0994 /* Car.swift */,
			);
			path = Model;
			sourceTree = "<group>";
		};
		AE18E28F246EF15B00DE0994 /* View */ = {
			isa = PBXGroup;
			children = (
				AE18E29F246EFE6F00DE0994 /* ItemCollectionViewCell.swift */,
			);
			path = View;
			sourceTree = "<group>";
		};
		AE18E290246EF16300DE0994 /* Controller */ = {
			isa = PBXGroup;
			children = (
				AE18E299246EF55F00DE0994 /* CollectionViewController.swift */,
			);
			path = Controller;
			sourceTree = "<group>";
		};
/* End PBXGroup section */

/* Begin PBXNativeTarget section */
		AE18E273246EF0A500DE0994 /* MovemedicalItem */ = {
			isa = PBXNativeTarget;
			buildConfigurationList = AE18E288246EF0A600DE0994 /* Build configuration list for PBXNativeTarget "MovemedicalItem" */;
			buildPhases = (
				AE18E270246EF0A500DE0994 /* Sources */,
				AE18E271246EF0A500DE0994 /* Frameworks */,
				AE18E272246EF0A500DE0994 /* Resources */,
			);
			buildRules = (
			);
			dependencies = (
			);
			name = MovemedicalItem;
			productName = MovemedicalItem;
			productReference = AE18E274246EF0A500DE0994 /* MovemedicalItem.app */;
			productType = "com.apple.product-type.application";
		};
/* End PBXNativeTarget section */

/* Begin PBXProject section */
		AE18E26C246EF0A500DE0994 /* Project object */ = {
			isa = PBXProject;
			attributes = {
				LastSwiftUpdateCheck = 1140;
				LastUpgradeCheck = 1140;
				ORGANIZATIONNAME = "Han Kim";
				TargetAttributes = {
					AE18E273246EF0A500DE0994 = {
						CreatedOnToolsVersion = 11.4.1;
					};
				};
			};
			buildConfigurationList = AE18E26F246EF0A500DE0994 /* Build configuration list for PBXProject "MovemedicalItem" */;
			compatibilityVersion = "Xcode 9.3";
			developmentRegion = en;
			hasScannedForEncodings = 0;
			knownRegions = (
				en,
				Base,
			);
			mainGroup = AE18E26B246EF0A500DE0994;
			productRefGroup = AE18E275246EF0A500DE0994 /* Products */;
			projectDirPath = "";
			projectRoot = "";
			targets = (
				AE18E273246EF0A500DE0994 /* MovemedicalItem */,
			);
		};
/* End PBXProject section */

/* Begin PBXResourcesBuildPhase section */
		AE18E272246EF0A500DE0994 /* Resources */ = {
			isa = PBXResourcesBuildPhase;
			buildActionMask = 2147483647;
			files = (
				AE18E284246EF0A600DE0994 /* LaunchScreen.storyboard in Resources */,
				AE18E281246EF0A600DE0994 /* Assets.xcassets in Resources */,
				AE18E27F246EF0A500DE0994 /* Main.storyboard in Resources */,
			);
			runOnlyForDeploymentPostprocessing = 0;
		};
/* End PBXResourcesBuildPhase section */

/* Begin PBXSourcesBuildPhase section */
		AE18E270246EF0A500DE0994 /* Sources */ = {
			isa = PBXSourcesBuildPhase;
			buildActionMask = 2147483647;
			files = (
				AE18E294246EF1E500DE0994 /* Phone.swift in Sources */,
				AE18E292246EF18800DE0994 /* Item.swift in Sources */,
				AE18E296246EF1EE00DE0994 /* Book.swift in Sources */,
				AE18E278246EF0A500DE0994 /* AppDelegate.swift in Sources */,
				AE18E29A246EF55F00DE0994 /* CollectionViewController.swift in Sources */,
				AE18E2A0246EFE6F00DE0994 /* ItemCollectionViewCell.swift in Sources */,
				AE18E298246EF1F500DE0994 /* Car.swift in Sources */,
				AE18E27A246EF0A500DE0994 /* SceneDelegate.swift in Sources */,
			);
			runOnlyForDeploymentPostprocessing = 0;
		};
/* End PBXSourcesBuildPhase section */

/* Begin PBXVariantGroup section */
		AE18E27D246EF0A500DE0994 /* Main.storyboard */ = {
			isa = PBXVariantGroup;
			children = (
				AE18E27E246EF0A500DE0994 /* Base */,
			);
			name = Main.storyboard;
			sourceTree = "<group>";
		};
		AE18E282246EF0A600DE0994 /* LaunchScreen.storyboard */ = {
			isa = PBXVariantGroup;
			children = (
				AE18E283246EF0A600DE0994 /* Base */,
			);
			name = LaunchScreen.storyboard;
			sourceTree = "<group>";
		};
/* End PBXVariantGroup section */

/* Begin XCBuildConfiguration section */
		AE18E286246EF0A600DE0994 /* Debug */ = {
			isa = XCBuildConfiguration;
			buildSettings = {
				ALWAYS_SEARCH_USER_PATHS = NO;
				CLANG_ANALYZER_NONNULL = YES;
				CLANG_ANALYZER_NUMBER_OBJECT_CONVERSION = YES_AGGRESSIVE;
				CLANG_CXX_LANGUAGE_STANDARD = "gnu++14";
				CLANG_CXX_LIBRARY = "libc++";
				CLANG_ENABLE_MODULES = YES;
				CLANG_ENABLE_OBJC_ARC = YES;
				CLANG_ENABLE_OBJC_WEAK = YES;
				CLANG_WARN_BLOCK_CAPTURE_AUTORELEASING = YES;
				CLANG_WARN_BOOL_CONVERSION = YES;
				CLANG_WARN_COMMA = YES;
				CLANG_WARN_CONSTANT_CONVERSION = YES;
				CLANG_WARN_DEPRECATED_OBJC_IMPLEMENTATIONS = YES;
				CLANG_WARN_DIRECT_OBJC_ISA_USAGE = YES_ERROR;
				CLANG_WARN_DOCUMENTATION_COMMENTS = YES;
				CLANG_WARN_EMPTY_BODY = YES;
				CLANG_WARN_ENUM_CONVERSION = YES;
				CLANG_WARN_INFINITE_RECURSION = YES;
				CLANG_WARN_INT_CONVERSION = YES;
				CLANG_WARN_NON_LITERAL_NULL_CONVERSION = YES;
				CLANG_WARN_OBJC_IMPLICIT_RETAIN_SELF = YES;
				CLANG_WARN_OBJC_LITERAL_CONVERSION = YES;
				CLANG_WARN_OBJC_ROOT_CLASS = YES_ERROR;
				CLANG_WARN_RANGE_LOOP_ANALYSIS = YES;
				CLANG_WARN_STRICT_PROTOTYPES = YES;
				CLANG_WARN_SUSPICIOUS_MOVE = YES;
				CLANG_WARN_UNGUARDED_AVAILABILITY = YES_AGGRESSIVE;
				CLANG_WARN_UNREACHABLE_CODE = YES;
				CLANG_WARN__DUPLICATE_METHOD_MATCH = YES;
				COPY_PHASE_STRIP = NO;
				DEBUG_INFORMATION_FORMAT = dwarf;
				ENABLE_STRICT_OBJC_MSGSEND = YES;
				ENABLE_TESTABILITY = YES;
				GCC_C_LANGUAGE_STANDARD = gnu11;
				GCC_DYNAMIC_NO_PIC = NO;
				GCC_NO_COMMON_BLOCKS = YES;
				GCC_OPTIMIZATION_LEVEL = 0;
				GCC_PREPROCESSOR_DEFINITIONS = (
					"DEBUG=1",
					"$(inherited)",
				);
				GCC_WARN_64_TO_32_BIT_CONVERSION = YES;
				GCC_WARN_ABOUT_RETURN_TYPE = YES_ERROR;
				GCC_WARN_UNDECLARED_SELECTOR = YES;
				GCC_WARN_UNINITIALIZED_AUTOS = YES_AGGRESSIVE;
				GCC_WARN_UNUSED_FUNCTION = YES;
				GCC_WARN_UNUSED_VARIABLE = YES;
				IPHONEOS_DEPLOYMENT_TARGET = 13.4;
				MTL_ENABLE_DEBUG_INFO = INCLUDE_SOURCE;
				MTL_FAST_MATH = YES;
				ONLY_ACTIVE_ARCH = YES;
				SDKROOT = iphoneos;
				SWIFT_ACTIVE_COMPILATION_CONDITIONS = DEBUG;
				SWIFT_OPTIMIZATION_LEVEL = "-Onone";
			};
			name = Debug;
		};
		AE18E287246EF0A600DE0994 /* Release */ = {
			isa = XCBuildConfiguration;
			buildSettings = {
				ALWAYS_SEARCH_USER_PATHS = NO;
				CLANG_ANALYZER_NONNULL = YES;
				CLANG_ANALYZER_NUMBER_OBJECT_CONVERSION = YES_AGGRESSIVE;
				CLANG_CXX_LANGUAGE_STANDARD = "gnu++14";
				CLANG_CXX_LIBRARY = "libc++";
				CLANG_ENABLE_MODULES = YES;
				CLANG_ENABLE_OBJC_ARC = YES;
				CLANG_ENABLE_OBJC_WEAK = YES;
				CLANG_WARN_BLOCK_CAPTURE_AUTORELEASING = YES;
				CLANG_WARN_BOOL_CONVERSION = YES;
				CLANG_WARN_COMMA = YES;
				CLANG_WARN_CONSTANT_CONVERSION = YES;
				CLANG_WARN_DEPRECATED_OBJC_IMPLEMENTATIONS = YES;
				CLANG_WARN_DIRECT_OBJC_ISA_USAGE = YES_ERROR;
				CLANG_WARN_DOCUMENTATION_COMMENTS = YES;
				CLANG_WARN_EMPTY_BODY = YES;
				CLANG_WARN_ENUM_CONVERSION = YES;
				CLANG_WARN_INFINITE_RECURSION = YES;
				CLANG_WARN_INT_CONVERSION = YES;
				CLANG_WARN_NON_LITERAL_NULL_CONVERSION = YES;
				CLANG_WARN_OBJC_IMPLICIT_RETAIN_SELF = YES;
				CLANG_WARN_OBJC_LITERAL_CONVERSION = YES;
				CLANG_WARN_OBJC_ROOT_CLASS = YES_ERROR;
				CLANG_WARN_RANGE_LOOP_ANALYSIS = YES;
				CLANG_WARN_STRICT_PROTOTYPES = YES;
				CLANG_WARN_SUSPICIOUS_MOVE = YES;
				CLANG_WARN_UNGUARDED_AVAILABILITY = YES_AGGRESSIVE;
				CLANG_WARN_UNREACHABLE_CODE = YES;
				CLANG_WARN__DUPLICATE_METHOD_MATCH = YES;
				COPY_PHASE_STRIP = NO;
				DEBUG_INFORMATION_FORMAT = "dwarf-with-dsym";
				ENABLE_NS_ASSERTIONS = NO;
				ENABLE_STRICT_OBJC_MSGSEND = YES;
				GCC_C_LANGUAGE_STANDARD = gnu11;
				GCC_NO_COMMON_BLOCKS = YES;
				GCC_WARN_64_TO_32_BIT_CONVERSION = YES;
				GCC_WARN_ABOUT_RETURN_TYPE = YES_ERROR;
				GCC_WARN_UNDECLARED_SELECTOR = YES;
				GCC_WARN_UNINITIALIZED_AUTOS = YES_AGGRESSIVE;
				GCC_WARN_UNUSED_FUNCTION = YES;
				GCC_WARN_UNUSED_VARIABLE = YES;
				IPHONEOS_DEPLOYMENT_TARGET = 13.4;
				MTL_ENABLE_DEBUG_INFO = NO;
				MTL_FAST_MATH = YES;
				SDKROOT = iphoneos;
				SWIFT_COMPILATION_MODE = wholemodule;
				SWIFT_OPTIMIZATION_LEVEL = "-O";
				VALIDATE_PRODUCT = YES;
			};
			name = Release;
		};
		AE18E289246EF0A600DE0994 /* Debug */ = {
			isa = XCBuildConfiguration;
			buildSettings = {
				ASSETCATALOG_COMPILER_APPICON_NAME = AppIcon;
				CODE_SIGN_STYLE = Automatic;
				DEVELOPMENT_TEAM = NKPN888JDA;
				INFOPLIST_FILE = MovemedicalItem/Info.plist;
				LD_RUNPATH_SEARCH_PATHS = (
					"$(inherited)",
					"@executable_path/Frameworks",
				);
				PRODUCT_BUNDLE_IDENTIFIER = com.handolekim.MovemedicalItem;
				PRODUCT_NAME = "$(TARGET_NAME)";
				SWIFT_VERSION = 5.0;
				TARGETED_DEVICE_FAMILY = "1,2";
			};
			name = Debug;
		};
		AE18E28A246EF0A600DE0994 /* Release */ = {
			isa = XCBuildConfiguration;
			buildSettings = {
				ASSETCATALOG_COMPILER_APPICON_NAME = AppIcon;
				CODE_SIGN_STYLE = Automatic;
				DEVELOPMENT_TEAM = NKPN888JDA;
				INFOPLIST_FILE = MovemedicalItem/Info.plist;
				LD_RUNPATH_SEARCH_PATHS = (
					"$(inherited)",
					"@executable_path/Frameworks",
				);
				PRODUCT_BUNDLE_IDENTIFIER = com.handolekim.MovemedicalItem;
				PRODUCT_NAME = "$(TARGET_NAME)";
				SWIFT_VERSION = 5.0;
				TARGETED_DEVICE_FAMILY = "1,2";
			};
			name = Release;
		};
/* End XCBuildConfiguration section */

/* Begin XCConfigurationList section */
		AE18E26F246EF0A500DE0994 /* Build configuration list for PBXProject "MovemedicalItem" */ = {
			isa = XCConfigurationList;
			buildConfigurations = (
				AE18E286246EF0A600DE0994 /* Debug */,
				AE18E287246EF0A600DE0994 /* Release */,
			);
			defaultConfigurationIsVisible = 0;
			defaultConfigurationName = Release;
		};
		AE18E288246EF0A600DE0994 /* Build configuration list for PBXNativeTarget "MovemedicalItem" */ = {
			isa = XCConfigurationList;
			buildConfigurations = (
				AE18E289246EF0A600DE0994 /* Debug */,
				AE18E28A246EF0A600DE0994 /* Release */,
			);
			defaultConfigurationIsVisible = 0;
			defaultConfigurationName = Release;
		};
/* End XCConfigurationList section */
	};
	rootObject = AE18E26C246EF0A500DE0994 /* Project object */;
}
